
Microsoft Visual Studio Solution File, Format Version 12.00
# Visual Studio Version 17
VisualStudioVersion = 17.3.32929.385
MinimumVisualStudioVersion = 10.0.40219.1
Project("{FAE04EC0-301F-11D3-BF4B-00C04F79EFBC}") = "Back-endEjemplo", "Back-endEjemplo\Back-endEjemplo.csproj", "{2DE3A6E1-71C1-47BC-B5C1-A72B9187EF76}"
EndProject
Global
	GlobalSection(SolutionConfigurationPlatforms) = preSolution
		Debug|Any CPU = Debug|Any CPU
		Release|Any CPU = Release|Any CPU
	EndGlobalSection
	GlobalSection(ProjectConfigurationPlatforms) = postSolution
		{2DE3A6E1-71C1-47BC-B5C1-A72B9187EF76}.Debug|Any CPU.ActiveCfg = Debug|Any CPU
		{2DE3A6E1-71C1-47BC-B5C1-A72B9187EF76}.Debug|Any CPU.Build.0 = Debug|Any CPU
		{2DE3A6E1-71C1-47BC-B5C1-A72B9187EF76}.Release|Any CPU.ActiveCfg = Release|Any CPU
		{2DE3A6E1-71C1-47BC-B5C1-A72B9187EF76}.Release|Any CPU.Build.0 = Release|Any CPU
	EndGlobalSection
	GlobalSection(SolutionProperties) = preSolution
		HideSolutionNode = FALSE
	EndGlobalSection
	GlobalSection(ExtensibilityGlobals) = postSolution
		SolutionGuid = {A306771C-79E2-4BEF-AB4A-8E952D85F291}
	EndGlobalSection
EndGlobal
